{
  "version": 4,
  "terraform_version": "1.2.7",
  "serial": 38,
  "lineage": "cafc1b6c-725e-16e1-8c37-ad7aded9aae3",
  "outputs": {
    "ca_crt": {
      "value": "",
      "type": "string",
      "sensitive": true
    },
    "password": {
      "value": "zenml",
      "type": "string",
      "sensitive": true
    },
    "tls_crt": {
      "value": "",
      "type": "string",
      "sensitive": true
    },
    "tls_key": {
      "value": "",
      "type": "string",
      "sensitive": true
    },
    "username": {
      "value": "default",
      "type": "string"
    },
    "zenml_server_url": {
      "value": "https://ac8e6c63af207436194ab675ee71d85a-1399000870.us-east-1.elb.amazonaws.com/jayesh-server",
      "type": "string"
    }
  },
  "resources": [
    {
      "mode": "data",
      "type": "external",
      "name": "os",
      "provider": "provider[\"registry.terraform.io/hashicorp/external\"]",
      "instances": [
        {
          "schema_version": 0,
          "attributes": {
            "id": "-",
            "program": [
              "printf",
              "{\"os\": \"Linux\"}"
            ],
            "query": null,
            "result": {
              "os": "Linux"
            },
            "working_dir": "."
          },
          "sensitive_attributes": []
        }
      ]
    },
    {
      "mode": "data",
      "type": "kubernetes_secret",
      "name": "certificates",
      "provider": "provider[\"registry.terraform.io/hashicorp/kubernetes\"]",
      "instances": [
        {
          "schema_version": 0,
          "attributes": {
            "binary_data": {
              "ca.crt": "LS0tLS1CRUdJTiBDRVJUSUZJQ0FURS0tLS0tCk1JSURFVENDQWZtZ0F3SUJBZ0lRS1FCbEVPd2tCNElEQlhKeDJLeGRBREFOQmdrcWhraUc5dzBCQVFzRkFEQVQKTVJFd0R3WURWUVFERXdoNlpXNXRiQzFqWVRBZUZ3MHlNakE1TWpneE1qRTJNelJhRncweU16QTVNamd4TWpFMgpNelJhTUJNeEVUQVBCZ05WQkFNVENIcGxibTFzTFdOaE1JSUJJakFOQmdrcWhraUc5dzBCQVFFRkFBT0NBUThBCk1JSUJDZ0tDQVFFQTdFcjNRTVRxL2FEYXMvYXhVazc5NDJUclozREo5Z21VQnI1MlVQNUhSbkROK0d6OTBBTFoKc1lLRUZiT3g3WXJPVm4rYkRyUjY2VWgxZk02dFR2SlJOcDlpT0FkcWJwUFErTlB0Z1FTUnUvQnQ5NXZKUTlZcApMVGZrVVJyL3NQWUM4U2hPTS9RZTAxYTA2TkVkMnplNU1qQ2dzck9BQnovMkxQK3V4WUxkU3JnT3NQYmFHdERHCkFFSndLTFBaOVE4YnVuWmtGTUdrZlp6M244N21qWWV5Wk1ISlVuM3ZzdFFjS2dteGxDQlBwSGpMOVZtbDZWWWwKclFtM1RxYlY5REsxZHV4cURYQjY5dmczaTJ4Wk05TG51cnJGeHlDdHM0SDViVEFhUTdYWW1wZlpoTzBzZ0lWWApoTmVqNWVNaWZPSEtsaXBjbnZTNFZHTXdGVkNZc0ZXbGVRSURBUUFCbzJFd1h6QU9CZ05WSFE4QkFmOEVCQU1DCkFxUXdIUVlEVlIwbEJCWXdGQVlJS3dZQkJRVUhBd0VHQ0NzR0FRVUZCd01DTUE4R0ExVWRFd0VCL3dRRk1BTUIKQWY4d0hRWURWUjBPQkJZRUZHaXhSNHc4TjVlUlBLaWVLOVhzcUpnaDNSOGhNQTBHQ1NxR1NJYjNEUUVCQ3dVQQpBNElCQVFDYk03OWVwYXRPZmR5bXNqNHJUamFIckdUdG16bzh1Skl0MEF1RmQrZ3BLQVNLeEc5cEt3blBZMFhtClBaakFQTGxHRXVYMTFNS2x3K0YxQmZHcStVWXhxNTNUcG96QlpFMjFNV2JqY1R0M3BhVHM5RERwZmYrRUVpc1IKRVNUUE9POEgvU1Bic3NORC94TGNEWmlGV1JrYjdQM25YTjJiRnZXWGtiU3NPa0VzU1hZdkxJREY4cms3T1pybgpXSHA2VzR2YWtOemFlVkNlcWJwZGMwMHRZQmZUekpudXpRQVBmRUNFK0xYaGhvdGJ6dTQxcVlHUTRpUGNOdFNaCmFxM2hVUjFZYlhLNWlqRnZvVGFvSXdHdk91VW1MZGJCTVMySmM1OUV4Yjh0bjRpeDlWaXF3NThQZG5hUTR4NDMKdnh1WXg2cGNNT3VZT0cxSU9zQWsrQXY4cWlwNgotLS0tLUVORCBDRVJUSUZJQ0FURS0tLS0tCg==",
              "tls.crt": "LS0tLS1CRUdJTiBDRVJUSUZJQ0FURS0tLS0tCk1JSURwVENDQW8yZ0F3SUJBZ0lRWjZEYU1SVTNLNEpsOUI2OHpoaFpCekFOQmdrcWhraUc5dzBCQVFzRkFEQVQKTVJFd0R3WURWUVFERXdoNlpXNXRiQzFqWVRBZUZ3MHlNakE1TWpneE1qRTJNelJhRncweU16QTVNamd4TWpFMgpNelJhTUZJeFVEQk9CZ05WQkFNVFIyRmpPR1UyWXpZellXWXlNRGMwTXpZeE9UUmhZalkzTldWbE56RmtPRFZoCkxURXpPVGt3TURBNE56QXVkWE10WldGemRDMHhMbVZzWWk1aGJXRjZiMjVoZDNNdVkyOXRNSUlCSWpBTkJna3EKaGtpRzl3MEJBUUVGQUFPQ0FROEFNSUlCQ2dLQ0FRRUExWTJLWVdSeGw1YlhPL3BwclFuc0d4NXo1eFJ4ajlQawpiMjlXVFFCMThQa1VmRzU3RmxpaVlzT09Oc1RxWWEzZ2R1YnA5UThUYXhpVkRGMkJzeVF5TStiSC93ZWlDQlhPCmZnaWk5SDRrbWozM3k2N0VKUVJmWWs1eHI2djNyWkdvOHF5MjJNdm5EaThpS1ltMWRXU0pabmdaNUJZcVR0cjEKaGJMNW51WGV6MHVkRkRPcEp4RXdNaURiMkN6WFFrVGhyNVlla2dkYkRrS2oyVU42TmlPSWYvSFdmaEtSZEhzUApjUnN1dlllRG1sT1lKMWRYRTBCYVRhSEZkU0FWN2owRzdxVXlqMlp4UDZPQ3NrNm5jbzBvRS81UU5oSUdRZUd3Ck5tNU1zZU1iTmluZVlITlBEYjBtNVl2TnpEMkxZTTVnNWJlbytFRzFOdENodXNSMEYyUGcxUUlEQVFBQm80RzEKTUlHeU1BNEdBMVVkRHdFQi93UUVBd0lGb0RBZEJnTlZIU1VFRmpBVUJnZ3JCZ0VGQlFjREFRWUlLd1lCQlFVSApBd0l3REFZRFZSMFRBUUgvQkFJd0FEQWZCZ05WSFNNRUdEQVdnQlJvc1VlTVBEZVhrVHlvbml2VjdLaVlJZDBmCklUQlNCZ05WSFJFRVN6Qkpna2RoWXpobE5tTTJNMkZtTWpBM05ETTJNVGswWVdJMk56VmxaVGN4WkRnMVlTMHgKTXprNU1EQXdPRGN3TG5WekxXVmhjM1F0TVM1bGJHSXVZVzFoZW05dVlYZHpMbU52YlRBTkJna3Foa2lHOXcwQgpBUXNGQUFPQ0FRRUFzS0ptTldxOFBock1FcksycURBTGdkNkR4L2UwckdDdlJwNXI0TXpGQWxSd1RrNVUzUHdrClpGRjBkeS9Na0tIV1Z1b0JMNFFaREwwNkF0TFhKS1FCdGNGVXhIWDdmWTRrV1IvMnFOZWZoaHJUc2NyMklMQjgKTVk0TEdURVpsRmZnTU1EUDB5VE16OXlDRDhpSlFYQ3ZKWnVyc3VkZ0tkVmM2R2hmVVJqVWwraVhQY0xibFNDYgpTOFoyK05jNm1BNjJTdXFKR2lCVUVIQjl1ZE1YbWpRc2VCd09GWnlIa2VTSUxmNktoV0MrcXJ6Z2tHQ1EwcVVUCkV4dXZORDFzdVo4K2RiRk1HdWl2cXNzOERRZkpENGIrVFlKVk9HNXFMVkhmQnIxYXVmTUdaaFdCQ2pPS1ZtbEsKNEk4MXM1Y2pTM202SlVUbnFXaDJVVTYvNTFOM3BrVnl6QT09Ci0tLS0tRU5EIENFUlRJRklDQVRFLS0tLS0K",
              "tls.key": "LS0tLS1CRUdJTiBSU0EgUFJJVkFURSBLRVktLS0tLQpNSUlFb2dJQkFBS0NBUUVBMVkyS1lXUnhsNWJYTy9wcHJRbnNHeDV6NXhSeGo5UGtiMjlXVFFCMThQa1VmRzU3CkZsaWlZc09PTnNUcVlhM2dkdWJwOVE4VGF4aVZERjJCc3lReU0rYkgvd2VpQ0JYT2ZnaWk5SDRrbWozM3k2N0UKSlFSZllrNXhyNnYzclpHbzhxeTIyTXZuRGk4aUtZbTFkV1NKWm5nWjVCWXFUdHIxaGJMNW51WGV6MHVkRkRPcApKeEV3TWlEYjJDelhRa1RocjVZZWtnZGJEa0tqMlVONk5pT0lmL0hXZmhLUmRIc1BjUnN1dlllRG1sT1lKMWRYCkUwQmFUYUhGZFNBVjdqMEc3cVV5ajJaeFA2T0NzazZuY28wb0UvNVFOaElHUWVHd05tNU1zZU1iTmluZVlITlAKRGIwbTVZdk56RDJMWU01ZzViZW8rRUcxTnRDaHVzUjBGMlBnMVFJREFRQUJBb0lCQURRVDFrRTE2M1dhTlZiTgpGR1E4WFRXbjBYL3l2bGJpeDN4ZFhHQmUwbVEzZWNWMmM5SFpQNUJ5UEFZak16MHExK2huRzNyRmVHalBqOWw2CkhCMEJvTFNEZlJZMldFODhjaVRPR2w4aE8rL1pXTXAxRGlRdzBzbjRjMFR4M082WTdPaHhNZzNnZTdJNzBFcnMKNkRGK21QdENJcDQ2d1lxRlh3YUJ4Tm41R01MWUxhR3Y1NUN1Z1Q2OURNQlVMelZVTDQzVElPckxiZUdZQmNVcwplUTRCSkIyN1hUZGZZK1o1TVZ5K3I5ZWROQS95RmlCdFNjVGVaaGsvN3VnUUdqOXIxNkw3ZE9tNWtMeG1RUkg5ClJFRFRQY1JtUWtpRmJidWpPM2RxeitDNnpyR0NrN1RjM2M4S0o0WVJ3VUFUdlZHOUVwR0N6U0JNdFNaODdXUEoKLzk5Z05VRUNnWUVBNWI1cm0xMFB6VSt2ZUtkaWJZYWJlOEU0c1h3Tk5TSnpxd0N0TU55V2VUQ3p4UitBS05QTApiRFZWdDBzN3pKRnkxbWQ4bm9sUWZXWThYeDUxajY0TnA2R0ZuSUV5NjhFNXp2Q1pMSWNuT2hHdFRUTjJPYW1QCjV3TStBSUU0K2xHVFZyZ2laRWYvSFpJcXJZeWIzM2xrM2FtTnQ0MlNGcGI0ZzRyWVVSeXJocTBDZ1lFQTdmVnMKcXNHY1lMZmN2NWVzNmswdDJtSEhwVTl4dWxQbEpyUFdlNnU0WnhNRjVMcytFY2U0Y3o2VytRODVQRUVSR1JwKwpZODBNdm5GNGpnZ0FZRU43dXEvWFNGRXVVd0ZzcUhHdGIycklGQ00vdy9ObFpkN1F1aUh5NVZSbjR4OVNYcWtMCk1pWjFzS1Yzb0V5ZlQzMERvaE9OWDJrdTEvTWkvUFJRS0poL0Q4a0NnWUJqTmZqb0RhYitSVlFFS1Z4UzZkY0kKK1NiUFZqK3AyMmZSeDZnQ3VxOXNSRUROZGszMDA0azhBRWcwc0JOeHdybXhwdHprNVcxUnlhMTJjZ1BZZVJSQwplSGpuWGMrc2lUTzZqcUhHM2RKdHZDWjNlU3FydWZKL2t5SGFPL05yL1lBLzZhSklaZUxnVlRlQzNINlBZYS9TCkhSOHF6Y0x4YUY2SEI1VmthWm9VdlFLQmdCNldOV21kaVdSRlBmTENwRTlackZNdHptUEpXbTBBNjZ1VjRqUHoKVnJpcEVWRGRZSlVZZnZVUlRvYWxGazVRYnNvelJadStkNnpqR1FQb3MyT3NTUE11TnhYc21XL0I5eDJQdnlOYgpMbXlvTzBJTXZ6UGcrQ04weWF3QXRYblVSTm8yRUdKWjN6YmRqZ3Jrem5XQk5ENVpGUXIya2piZjRkZHg3L3ZICjNrMUJBb0dBTTNISnQ3MG1DZzZRelNUM3pURzR5TERwT0ViRXVkYm11OGhvd0hYbTltZE42d29WcmcxOXJHQzUKOVN5encvOFhhUS9NYUwvVGZVZHZSLzliRVR4dmhTMUsyZEF3bENsbC9NMzF0MzdGOUpyZmlvcWFrTDhra2huKwpWWHA2cSt4ZTlTNWZkeHNMMjNMZTh0MDkxZGFLMDlQL3ZlOUJuR0p3b0hOQWdVa29hK3c9Ci0tLS0tRU5EIFJTQSBQUklWQVRFIEtFWS0tLS0tCg=="
            },
            "data": {},
            "id": "hihi-testcli/hihi-zenml-tls-certs",
            "immutable": false,
            "metadata": [
              {
                "annotations": {
                  "meta.helm.sh/release-name": "hihi-zenmlserver",
                  "meta.helm.sh/release-namespace": "hihi-testcli"
                },
                "generation": 0,
                "labels": {
                  "app.kubernetes.io/instance": "hihi-zenmlserver",
                  "app.kubernetes.io/managed-by": "Helm",
                  "app.kubernetes.io/name": "zenml",
                  "app.kubernetes.io/version": "0.13.1",
                  "helm.sh/chart": "zenml-1.0"
                },
                "name": "hihi-zenml-tls-certs",
                "namespace": "hihi-testcli",
                "resource_version": "87173256",
                "uid": "4c81fff2-5fbe-4c96-baca-9edc2f4cf176"
              }
            ],
            "type": "kubernetes.io/tls"
          },
          "sensitive_attributes": []
        }
      ]
    },
    {
      "mode": "managed",
      "type": "helm_release",
      "name": "zen-server",
      "provider": "provider[\"registry.terraform.io/hashicorp/helm\"]",
      "instances": [
        {
          "schema_version": 0,
          "attributes": {
            "atomic": false,
            "chart": "/mnt/w/apps/zenml/src/zenml/zen_server/deploy/helm",
            "cleanup_on_fail": false,
            "create_namespace": true,
            "dependency_update": false,
            "description": null,
            "devel": null,
            "disable_crd_hooks": false,
            "disable_openapi_validation": false,
            "disable_webhooks": false,
            "force_update": false,
            "id": "hihi-zenmlserver",
            "keyring": null,
            "lint": false,
            "manifest": null,
            "max_history": 0,
            "metadata": [
              {
                "app_version": "0.13.1",
                "chart": "zenml",
                "name": "hihi-zenmlserver",
                "namespace": "hihi-testcli",
                "revision": 1,
                "values": "{\"ingress\":{\"annotations\":{\"nginx.ingress.kubernetes.io/rewrite-target\":\"/$1\"},\"host\":\"ac8e6c63af207436194ab675ee71d85a-1399000870.us-east-1.elb.amazonaws.com\",\"path\":\"/jayesh-server/?(.*)\",\"tls\":{\"enabled\":true,\"generateCerts\":true,\"secretName\":\"hihi-zenml-tls-certs\"}},\"zenml\":{\"database\":{\"sslCa\":\"\",\"sslCert\":\"\",\"sslKey\":\"\",\"sslVerifyServerCert\":false,\"url\":\"mysql://admin:JePpkEcmlQtDH01h@hihizenmlserver.cage1osqc31q.eu-west-1.rds.amazonaws.com:3306/zenmlserver\"},\"defaultPassword\":\"zenml\",\"defaultUserEmail\":\"i@y.com\",\"defaultUsername\":\"default\",\"rootUrlPath\":\"/jayesh-server\"}}",
                "version": "1.0"
              }
            ],
            "name": "hihi-zenmlserver",
            "namespace": "hihi-testcli",
            "pass_credentials": false,
            "postrender": [],
            "recreate_pods": false,
            "render_subchart_notes": true,
            "replace": false,
            "repository": null,
            "repository_ca_file": null,
            "repository_cert_file": null,
            "repository_key_file": null,
            "repository_password": null,
            "repository_username": null,
            "reset_values": false,
            "reuse_values": false,
            "set": [
              {
                "name": "ingress.annotations.nginx\\.ingress\\.kubernetes\\.io/rewrite-target",
                "type": "",
                "value": "/$1"
              },
              {
                "name": "ingress.host",
                "type": "",
                "value": "ac8e6c63af207436194ab675ee71d85a-1399000870.us-east-1.elb.amazonaws.com"
              },
              {
                "name": "ingress.path",
                "type": "",
                "value": "/jayesh-server/?(.*)"
              },
              {
                "name": "ingress.tls.enabled",
                "type": "",
                "value": "true"
              },
              {
                "name": "ingress.tls.generateCerts",
                "type": "",
                "value": "true"
              },
              {
                "name": "ingress.tls.secretName",
                "type": "",
                "value": "hihi-zenml-tls-certs"
              },
              {
                "name": "zenml.database.sslCa",
                "type": "",
                "value": ""
              },
              {
                "name": "zenml.database.sslCert",
                "type": "",
                "value": ""
              },
              {
                "name": "zenml.database.sslKey",
                "type": "",
                "value": ""
              },
              {
                "name": "zenml.database.sslVerifyServerCert",
                "type": "",
                "value": "false"
              },
              {
                "name": "zenml.database.url",
                "type": "",
                "value": "mysql://admin:JePpkEcmlQtDH01h@hihizenmlserver.cage1osqc31q.eu-west-1.rds.amazonaws.com:3306/zenmlserver"
              },
              {
                "name": "zenml.defaultPassword",
                "type": "",
                "value": "zenml"
              },
              {
                "name": "zenml.defaultUserEmail",
                "type": "",
                "value": "i@y.com"
              },
              {
                "name": "zenml.defaultUsername",
                "type": "",
                "value": "default"
              },
              {
                "name": "zenml.rootUrlPath",
                "type": "",
                "value": "/jayesh-server"
              }
            ],
            "set_sensitive": [],
            "skip_crds": false,
            "status": "deployed",
            "timeout": 300,
            "values": null,
            "verify": false,
            "version": "1.0",
            "wait": true,
            "wait_for_jobs": false
          },
          "sensitive_attributes": [
            [
              {
                "type": "get_attr",
                "value": "set"
              }
            ]
          ],
          "private": "bnVsbA==",
          "dependencies": [
            "data.external.os",
            "data.kubernetes_service.ingress-controller",
            "module.metadata_store.module.db_instance.aws_db_instance.this",
            "module.metadata_store.random_password.master_password"
          ]
        }
      ]
    },
    {
      "module": "module.metadata_store[0]",
      "mode": "managed",
      "type": "random_password",
      "name": "master_password",
      "provider": "provider[\"registry.terraform.io/hashicorp/random\"]",
      "instances": [
        {
          "index_key": 0,
          "schema_version": 0,
          "attributes": {
            "id": "none",
            "keepers": null,
            "length": 16,
            "lower": true,
            "min_lower": 0,
            "min_numeric": 0,
            "min_special": 0,
            "min_upper": 0,
            "number": true,
            "override_special": null,
            "result": "JePpkEcmlQtDH01h",
            "special": false,
            "upper": true
          },
          "sensitive_attributes": [],
          "private": "bnVsbA=="
        }
      ]
    },
    {
      "module": "module.metadata_store[0].module.db_instance",
      "mode": "data",
      "type": "aws_iam_policy_document",
      "name": "enhanced_monitoring",
      "provider": "provider[\"registry.terraform.io/hashicorp/aws\"]",
      "instances": [
        {
          "schema_version": 0,
          "attributes": {
            "id": "1813475199",
            "json": "{\n  \"Version\": \"2012-10-17\",\n  \"Statement\": [\n    {\n      \"Sid\": \"\",\n      \"Effect\": \"Allow\",\n      \"Action\": \"sts:AssumeRole\",\n      \"Principal\": {\n        \"Service\": \"monitoring.rds.amazonaws.com\"\n      }\n    }\n  ]\n}",
            "override_json": null,
            "override_policy_documents": null,
            "policy_id": null,
            "source_json": null,
            "source_policy_documents": null,
            "statement": [
              {
                "actions": [
                  "sts:AssumeRole"
                ],
                "condition": [],
                "effect": "Allow",
                "not_actions": [],
                "not_principals": [],
                "not_resources": [],
                "principals": [
                  {
                    "identifiers": [
                      "monitoring.rds.amazonaws.com"
                    ],
                    "type": "Service"
                  }
                ],
                "resources": [],
                "sid": ""
              }
            ],
            "version": "2012-10-17"
          },
          "sensitive_attributes": []
        }
      ]
    },
    {
      "module": "module.metadata_store[0].module.db_instance",
      "mode": "data",
      "type": "aws_partition",
      "name": "current",
      "provider": "provider[\"registry.terraform.io/hashicorp/aws\"]",
      "instances": [
        {
          "schema_version": 0,
          "attributes": {
            "dns_suffix": "amazonaws.com",
            "id": "aws",
            "partition": "aws",
            "reverse_dns_prefix": "com.amazonaws"
          },
          "sensitive_attributes": []
        }
      ]
    },
    {
      "module": "module.metadata_store[0].module.db_instance",
      "mode": "managed",
      "type": "aws_db_instance",
      "name": "this",
      "provider": "provider[\"registry.terraform.io/hashicorp/aws\"]",
      "instances": [
        {
          "index_key": 0,
          "schema_version": 1,
          "attributes": {
            "address": "hihizenmlserver.cage1osqc31q.eu-west-1.rds.amazonaws.com",
            "allocated_storage": 5,
            "allow_major_version_upgrade": false,
            "apply_immediately": false,
            "arn": "arn:aws:rds:eu-west-1:715803424590:db:hihizenmlserver",
            "auto_minor_version_upgrade": true,
            "availability_zone": "eu-west-1a",
            "backup_retention_period": 0,
            "backup_window": "05:09-05:39",
            "ca_cert_identifier": "rds-ca-2019",
            "character_set_name": "",
            "copy_tags_to_snapshot": false,
            "custom_iam_instance_profile": "",
            "customer_owned_ip_enabled": false,
            "db_name": "zenmlserver",
            "db_subnet_group_name": "hihizenmlserver-20220928114147810400000003",
            "delete_automated_backups": true,
            "deletion_protection": false,
            "domain": "",
            "domain_iam_role_name": "",
            "enabled_cloudwatch_logs_exports": [],
            "endpoint": "hihizenmlserver.cage1osqc31q.eu-west-1.rds.amazonaws.com:3306",
            "engine": "mysql",
            "engine_version": "5.7.38",
            "engine_version_actual": "5.7.38",
            "final_snapshot_identifier": null,
            "hosted_zone_id": "Z29XKXDKYMONMX",
            "iam_database_authentication_enabled": false,
            "id": "hihizenmlserver",
            "identifier": "hihizenmlserver",
            "identifier_prefix": "",
            "instance_class": "db.t3.micro",
            "iops": 0,
            "kms_key_id": "arn:aws:kms:eu-west-1:715803424590:key/f52a8e1f-c770-41d8-bf68-805062eed2ff",
            "latest_restorable_time": "",
            "license_model": "general-public-license",
            "maintenance_window": "thu:00:54-thu:01:24",
            "max_allocated_storage": 0,
            "monitoring_interval": 0,
            "monitoring_role_arn": "",
            "multi_az": false,
            "name": "zenmlserver",
            "nchar_character_set_name": "",
            "network_type": "IPV4",
            "option_group_name": "hihizenmlserver-20220928114121619300000001",
            "parameter_group_name": "hihizenmlserver-20220928114121619500000002",
            "password": "JePpkEcmlQtDH01h",
            "performance_insights_enabled": false,
            "performance_insights_kms_key_id": "",
            "performance_insights_retention_period": 0,
            "port": 3306,
            "publicly_accessible": true,
            "replica_mode": "",
            "replicas": [],
            "replicate_source_db": "",
            "resource_id": "db-TYT5VDCR3RFNUOPUHECPFFKRGM",
            "restore_to_point_in_time": [],
            "s3_import": [],
            "security_group_names": [],
            "skip_final_snapshot": true,
            "snapshot_identifier": null,
            "status": "available",
            "storage_encrypted": true,
            "storage_type": "gp2",
            "tags": {
              "Environment": "zenml-env",
              "Owner": "user"
            },
            "tags_all": {
              "Environment": "zenml-env",
              "Owner": "user"
            },
            "timeouts": {
              "create": null,
              "delete": null,
              "update": null
            },
            "timezone": "",
            "username": "admin",
            "vpc_security_group_ids": [
              "sg-051521761e05b7490"
            ]
          },
          "sensitive_attributes": [
            [
              {
                "type": "get_attr",
                "value": "password"
              }
            ]
          ],
          "private": "eyJlMmJmYjczMC1lY2FhLTExZTYtOGY4OC0zNDM2M2JjN2M0YzAiOnsiY3JlYXRlIjoyNDAwMDAwMDAwMDAwLCJkZWxldGUiOjM2MDAwMDAwMDAwMDAsInVwZGF0ZSI6NDgwMDAwMDAwMDAwMH0sInNjaGVtYV92ZXJzaW9uIjoiMSJ9",
          "dependencies": [
            "module.metadata_store.module.db_instance.aws_cloudwatch_log_group.this",
            "module.metadata_store.module.db_instance.aws_iam_role.enhanced_monitoring",
            "module.metadata_store.module.db_instance.data.aws_iam_policy_document.enhanced_monitoring",
            "module.metadata_store.module.db_instance.random_id.snapshot_identifier",
            "module.metadata_store.module.db_option_group.aws_db_option_group.this",
            "module.metadata_store.module.db_parameter_group.aws_db_parameter_group.this",
            "module.metadata_store.module.db_subnet_group.aws_db_subnet_group.this",
            "module.metadata_store.random_password.master_password",
            "module.vpc.aws_subnet.public",
            "module.vpc.aws_vpc.this",
            "module.vpc.aws_vpc_ipv4_cidr_block_association.this"
          ]
        }
      ]
    },
    {
      "module": "module.metadata_store[0].module.db_option_group",
      "mode": "managed",
      "type": "aws_db_option_group",
      "name": "this",
      "provider": "provider[\"registry.terraform.io/hashicorp/aws\"]",
      "instances": [
        {
          "index_key": 0,
          "schema_version": 0,
          "attributes": {
            "arn": "arn:aws:rds:eu-west-1:715803424590:og:hihizenmlserver-20220928114121619300000001",
            "engine_name": "mysql",
            "id": "hihizenmlserver-20220928114121619300000001",
            "major_engine_version": "5.7",
            "name": "hihizenmlserver-20220928114121619300000001",
            "name_prefix": "hihizenmlserver-",
            "option": [],
            "option_group_description": "hihizenmlserver option group",
            "tags": {
              "Environment": "zenml-env",
              "Name": "hihizenmlserver",
              "Owner": "user"
            },
            "tags_all": {
              "Environment": "zenml-env",
              "Name": "hihizenmlserver",
              "Owner": "user"
            },
            "timeouts": {
              "delete": null
            }
          },
          "sensitive_attributes": [],
          "private": "eyJlMmJmYjczMC1lY2FhLTExZTYtOGY4OC0zNDM2M2JjN2M0YzAiOnsiZGVsZXRlIjo5MDAwMDAwMDAwMDB9fQ==",
          "create_before_destroy": true
        }
      ]
    },
    {
      "module": "module.metadata_store[0].module.db_parameter_group",
      "mode": "managed",
      "type": "aws_db_parameter_group",
      "name": "this",
      "provider": "provider[\"registry.terraform.io/hashicorp/aws\"]",
      "instances": [
        {
          "index_key": 0,
          "schema_version": 0,
          "attributes": {
            "arn": "arn:aws:rds:eu-west-1:715803424590:pg:hihizenmlserver-20220928114121619500000002",
            "description": "hihizenmlserver parameter group",
            "family": "mysql5.7",
            "id": "hihizenmlserver-20220928114121619500000002",
            "name": "hihizenmlserver-20220928114121619500000002",
            "name_prefix": "hihizenmlserver-",
            "parameter": [
              {
                "apply_method": "immediate",
                "name": "character_set_client",
                "value": "utf8mb4"
              },
              {
                "apply_method": "immediate",
                "name": "character_set_server",
                "value": "utf8mb4"
              }
            ],
            "tags": {
              "Environment": "zenml-env",
              "Name": "hihizenmlserver",
              "Owner": "user"
            },
            "tags_all": {
              "Environment": "zenml-env",
              "Name": "hihizenmlserver",
              "Owner": "user"
            }
          },
          "sensitive_attributes": [],
          "private": "bnVsbA==",
          "create_before_destroy": true
        }
      ]
    },
    {
      "module": "module.metadata_store[0].module.db_subnet_group",
      "mode": "managed",
      "type": "aws_db_subnet_group",
      "name": "this",
      "provider": "provider[\"registry.terraform.io/hashicorp/aws\"]",
      "instances": [
        {
          "index_key": 0,
          "schema_version": 0,
          "attributes": {
            "arn": "arn:aws:rds:eu-west-1:715803424590:subgrp:hihizenmlserver-20220928114147810400000003",
            "description": "hihizenmlserver subnet group",
            "id": "hihizenmlserver-20220928114147810400000003",
            "name": "hihizenmlserver-20220928114147810400000003",
            "name_prefix": "hihizenmlserver-",
            "subnet_ids": [
              "subnet-035fcf15e2c6f352c",
              "subnet-0576cd6ec02a81a29",
              "subnet-07580979f9f127eb0"
            ],
            "supported_network_types": [
              "IPV4"
            ],
            "tags": {
              "Environment": "zenml-env",
              "Name": "hihizenmlserver",
              "Owner": "user"
            },
            "tags_all": {
              "Environment": "zenml-env",
              "Name": "hihizenmlserver",
              "Owner": "user"
            }
          },
          "sensitive_attributes": [],
          "private": "bnVsbA==",
          "dependencies": [
            "module.vpc.aws_subnet.public",
            "module.vpc.aws_vpc.this",
            "module.vpc.aws_vpc_ipv4_cidr_block_association.this"
          ]
        }
      ]
    },
    {
      "module": "module.vpc[0]",
      "mode": "managed",
      "type": "aws_default_security_group",
      "name": "this",
      "provider": "provider[\"registry.terraform.io/hashicorp/aws\"]",
      "instances": [
        {
          "index_key": 0,
          "schema_version": 1,
          "attributes": {
            "arn": "arn:aws:ec2:eu-west-1:715803424590:security-group/sg-051521761e05b7490",
            "description": "default VPC security group",
            "egress": [
              {
                "cidr_blocks": [
                  "0.0.0.0/0"
                ],
                "description": "All Traffic",
                "from_port": 0,
                "ipv6_cidr_blocks": [],
                "prefix_list_ids": [],
                "protocol": "-1",
                "security_groups": [],
                "self": false,
                "to_port": 0
              }
            ],
            "id": "sg-051521761e05b7490",
            "ingress": [
              {
                "cidr_blocks": [
                  "0.0.0.0/0"
                ],
                "description": "All Traffic",
                "from_port": 0,
                "ipv6_cidr_blocks": [],
                "prefix_list_ids": [],
                "protocol": "-1",
                "security_groups": [],
                "self": false,
                "to_port": 0
              },
              {
                "cidr_blocks": [
                  "0.0.0.0/0"
                ],
                "description": "MySQL traffic from everywhere",
                "from_port": 3306,
                "ipv6_cidr_blocks": [],
                "prefix_list_ids": [],
                "protocol": "tcp",
                "security_groups": [],
                "self": false,
                "to_port": 3306
              }
            ],
            "name": "default",
            "name_prefix": "",
            "owner_id": "715803424590",
            "revoke_rules_on_delete": false,
            "tags": {
              "Name": "hihi-vpc"
            },
            "tags_all": {
              "Name": "hihi-vpc"
            },
            "vpc_id": "vpc-0b534e2888fc314ad"
          },
          "sensitive_attributes": [],
          "private": "eyJzY2hlbWFfdmVyc2lvbiI6IjEifQ==",
          "dependencies": [
            "module.vpc.aws_vpc.this"
          ]
        }
      ]
    },
    {
      "module": "module.vpc[0]",
      "mode": "managed",
      "type": "aws_eip",
      "name": "nat",
      "provider": "provider[\"registry.terraform.io/hashicorp/aws\"]",
      "instances": [
        {
          "index_key": 0,
          "schema_version": 0,
          "attributes": {
            "address": null,
            "allocation_id": "eipalloc-0dd66f63ee9a6de88",
            "associate_with_private_ip": null,
            "association_id": "eipassoc-0c3787ae5e2af3232",
            "carrier_ip": "",
            "customer_owned_ip": "",
            "customer_owned_ipv4_pool": "",
            "domain": "vpc",
            "id": "eipalloc-0dd66f63ee9a6de88",
            "instance": "",
            "network_border_group": "eu-west-1",
            "network_interface": "eni-01b1eb58bf88a4480",
            "private_dns": "ip-10-10-133-148.eu-west-1.compute.internal",
            "private_ip": "10.10.133.148",
            "public_dns": "ec2-54-220-251-177.eu-west-1.compute.amazonaws.com",
            "public_ip": "54.220.251.177",
            "public_ipv4_pool": "amazon",
            "tags": {
              "Name": "hihi-vpc-eu-west-1a"
            },
            "tags_all": {
              "Name": "hihi-vpc-eu-west-1a"
            },
            "timeouts": null,
            "vpc": true
          },
          "sensitive_attributes": [],
          "private": "eyJlMmJmYjczMC1lY2FhLTExZTYtOGY4OC0zNDM2M2JjN2M0YzAiOnsiZGVsZXRlIjoxODAwMDAwMDAwMDAsInJlYWQiOjkwMDAwMDAwMDAwMCwidXBkYXRlIjozMDAwMDAwMDAwMDB9fQ=="
        }
      ]
    },
    {
      "module": "module.vpc[0]",
      "mode": "managed",
      "type": "aws_internet_gateway",
      "name": "this",
      "provider": "provider[\"registry.terraform.io/hashicorp/aws\"]",
      "instances": [
        {
          "index_key": 0,
          "schema_version": 0,
          "attributes": {
            "arn": "arn:aws:ec2:eu-west-1:715803424590:internet-gateway/igw-0a90cb801b40eed8d",
            "id": "igw-0a90cb801b40eed8d",
            "owner_id": "715803424590",
            "tags": {
              "Name": "hihi-vpc"
            },
            "tags_all": {
              "Name": "hihi-vpc"
            },
            "timeouts": null,
            "vpc_id": "vpc-0b534e2888fc314ad"
          },
          "sensitive_attributes": [],
          "private": "eyJlMmJmYjczMC1lY2FhLTExZTYtOGY4OC0zNDM2M2JjN2M0YzAiOnsiY3JlYXRlIjoxMjAwMDAwMDAwMDAwLCJkZWxldGUiOjEyMDAwMDAwMDAwMDAsInVwZGF0ZSI6MTIwMDAwMDAwMDAwMH19",
          "dependencies": [
            "module.vpc.aws_vpc.this",
            "module.vpc.aws_vpc_ipv4_cidr_block_association.this"
          ]
        }
      ]
    },
    {
      "module": "module.vpc[0]",
      "mode": "managed",
      "type": "aws_nat_gateway",
      "name": "this",
      "provider": "provider[\"registry.terraform.io/hashicorp/aws\"]",
      "instances": [
        {
          "index_key": 0,
          "schema_version": 0,
          "attributes": {
            "allocation_id": "eipalloc-0dd66f63ee9a6de88",
            "connectivity_type": "public",
            "id": "nat-04f3fb82dab0f9592",
            "network_interface_id": "eni-01b1eb58bf88a4480",
            "private_ip": "10.10.133.148",
            "public_ip": "54.220.251.177",
            "subnet_id": "subnet-07580979f9f127eb0",
            "tags": {
              "Name": "hihi-vpc-eu-west-1a"
            },
            "tags_all": {
              "Name": "hihi-vpc-eu-west-1a"
            }
          },
          "sensitive_attributes": [],
          "private": "bnVsbA==",
          "dependencies": [
            "module.vpc.aws_eip.nat",
            "module.vpc.aws_internet_gateway.this",
            "module.vpc.aws_subnet.public",
            "module.vpc.aws_vpc.this",
            "module.vpc.aws_vpc_ipv4_cidr_block_association.this"
          ]
        }
      ]
    },
    {
      "module": "module.vpc[0]",
      "mode": "managed",
      "type": "aws_route",
      "name": "private_nat_gateway",
      "provider": "provider[\"registry.terraform.io/hashicorp/aws\"]",
      "instances": [
        {
          "index_key": 0,
          "schema_version": 0,
          "attributes": {
            "carrier_gateway_id": "",
            "core_network_arn": "",
            "destination_cidr_block": "0.0.0.0/0",
            "destination_ipv6_cidr_block": "",
            "destination_prefix_list_id": "",
            "egress_only_gateway_id": "",
            "gateway_id": "",
            "id": "r-rtb-064624873663c8b821080289494",
            "instance_id": "",
            "instance_owner_id": "",
            "local_gateway_id": "",
            "nat_gateway_id": "nat-04f3fb82dab0f9592",
            "network_interface_id": "",
            "origin": "CreateRoute",
            "route_table_id": "rtb-064624873663c8b82",
            "state": "active",
            "timeouts": {
              "create": "5m",
              "delete": null,
              "update": null
            },
            "transit_gateway_id": "",
            "vpc_endpoint_id": "",
            "vpc_peering_connection_id": ""
          },
          "sensitive_attributes": [],
          "private": "eyJlMmJmYjczMC1lY2FhLTExZTYtOGY4OC0zNDM2M2JjN2M0YzAiOnsiY3JlYXRlIjozMDAwMDAwMDAwMDAsImRlbGV0ZSI6MzAwMDAwMDAwMDAwLCJ1cGRhdGUiOjEyMDAwMDAwMDAwMH19",
          "dependencies": [
            "module.vpc.aws_eip.nat",
            "module.vpc.aws_internet_gateway.this",
            "module.vpc.aws_nat_gateway.this",
            "module.vpc.aws_route_table.private",
            "module.vpc.aws_subnet.public",
            "module.vpc.aws_vpc.this",
            "module.vpc.aws_vpc_ipv4_cidr_block_association.this"
          ]
        }
      ]
    },
    {
      "module": "module.vpc[0]",
      "mode": "managed",
      "type": "aws_route",
      "name": "public_internet_gateway",
      "provider": "provider[\"registry.terraform.io/hashicorp/aws\"]",
      "instances": [
        {
          "index_key": 0,
          "schema_version": 0,
          "attributes": {
            "carrier_gateway_id": "",
            "core_network_arn": "",
            "destination_cidr_block": "0.0.0.0/0",
            "destination_ipv6_cidr_block": "",
            "destination_prefix_list_id": "",
            "egress_only_gateway_id": "",
            "gateway_id": "igw-0a90cb801b40eed8d",
            "id": "r-rtb-035a63d03d0a3b5161080289494",
            "instance_id": "",
            "instance_owner_id": "",
            "local_gateway_id": "",
            "nat_gateway_id": "",
            "network_interface_id": "",
            "origin": "CreateRoute",
            "route_table_id": "rtb-035a63d03d0a3b516",
            "state": "active",
            "timeouts": {
              "create": "5m",
              "delete": null,
              "update": null
            },
            "transit_gateway_id": "",
            "vpc_endpoint_id": "",
            "vpc_peering_connection_id": ""
          },
          "sensitive_attributes": [],
          "private": "eyJlMmJmYjczMC1lY2FhLTExZTYtOGY4OC0zNDM2M2JjN2M0YzAiOnsiY3JlYXRlIjozMDAwMDAwMDAwMDAsImRlbGV0ZSI6MzAwMDAwMDAwMDAwLCJ1cGRhdGUiOjEyMDAwMDAwMDAwMH19",
          "dependencies": [
            "module.vpc.aws_internet_gateway.this",
            "module.vpc.aws_route_table.public",
            "module.vpc.aws_vpc.this",
            "module.vpc.aws_vpc_ipv4_cidr_block_association.this"
          ]
        }
      ]
    },
    {
      "module": "module.vpc[0]",
      "mode": "managed",
      "type": "aws_route_table",
      "name": "private",
      "provider": "provider[\"registry.terraform.io/hashicorp/aws\"]",
      "instances": [
        {
          "index_key": 0,
          "schema_version": 0,
          "attributes": {
            "arn": "arn:aws:ec2:eu-west-1:715803424590:route-table/rtb-064624873663c8b82",
            "id": "rtb-064624873663c8b82",
            "owner_id": "715803424590",
            "propagating_vgws": [],
            "route": [
              {
                "carrier_gateway_id": "",
                "cidr_block": "0.0.0.0/0",
                "core_network_arn": "",
                "destination_prefix_list_id": "",
                "egress_only_gateway_id": "",
                "gateway_id": "",
                "instance_id": "",
                "ipv6_cidr_block": "",
                "local_gateway_id": "",
                "nat_gateway_id": "nat-04f3fb82dab0f9592",
                "network_interface_id": "",
                "transit_gateway_id": "",
                "vpc_endpoint_id": "",
                "vpc_peering_connection_id": ""
              }
            ],
            "tags": {
              "Name": "hihi-vpc-private"
            },
            "tags_all": {
              "Name": "hihi-vpc-private"
            },
            "timeouts": null,
            "vpc_id": "vpc-0b534e2888fc314ad"
          },
          "sensitive_attributes": [],
          "private": "eyJlMmJmYjczMC1lY2FhLTExZTYtOGY4OC0zNDM2M2JjN2M0YzAiOnsiY3JlYXRlIjozMDAwMDAwMDAwMDAsImRlbGV0ZSI6MzAwMDAwMDAwMDAwLCJ1cGRhdGUiOjEyMDAwMDAwMDAwMH19",
          "dependencies": [
            "module.vpc.aws_vpc.this",
            "module.vpc.aws_vpc_ipv4_cidr_block_association.this"
          ]
        }
      ]
    },
    {
      "module": "module.vpc[0]",
      "mode": "managed",
      "type": "aws_route_table",
      "name": "public",
      "provider": "provider[\"registry.terraform.io/hashicorp/aws\"]",
      "instances": [
        {
          "index_key": 0,
          "schema_version": 0,
          "attributes": {
            "arn": "arn:aws:ec2:eu-west-1:715803424590:route-table/rtb-035a63d03d0a3b516",
            "id": "rtb-035a63d03d0a3b516",
            "owner_id": "715803424590",
            "propagating_vgws": [],
            "route": [
              {
                "carrier_gateway_id": "",
                "cidr_block": "0.0.0.0/0",
                "core_network_arn": "",
                "destination_prefix_list_id": "",
                "egress_only_gateway_id": "",
                "gateway_id": "igw-0a90cb801b40eed8d",
                "instance_id": "",
                "ipv6_cidr_block": "",
                "local_gateway_id": "",
                "nat_gateway_id": "",
                "network_interface_id": "",
                "transit_gateway_id": "",
                "vpc_endpoint_id": "",
                "vpc_peering_connection_id": ""
              }
            ],
            "tags": {
              "Name": "hihi-vpc-public"
            },
            "tags_all": {
              "Name": "hihi-vpc-public"
            },
            "timeouts": null,
            "vpc_id": "vpc-0b534e2888fc314ad"
          },
          "sensitive_attributes": [],
          "private": "eyJlMmJmYjczMC1lY2FhLTExZTYtOGY4OC0zNDM2M2JjN2M0YzAiOnsiY3JlYXRlIjozMDAwMDAwMDAwMDAsImRlbGV0ZSI6MzAwMDAwMDAwMDAwLCJ1cGRhdGUiOjEyMDAwMDAwMDAwMH19",
          "dependencies": [
            "module.vpc.aws_vpc.this",
            "module.vpc.aws_vpc_ipv4_cidr_block_association.this"
          ]
        }
      ]
    },
    {
      "module": "module.vpc[0]",
      "mode": "managed",
      "type": "aws_route_table_association",
      "name": "private",
      "provider": "provider[\"registry.terraform.io/hashicorp/aws\"]",
      "instances": [
        {
          "index_key": 0,
          "schema_version": 0,
          "attributes": {
            "gateway_id": "",
            "id": "rtbassoc-0bf6e39ef992c2091",
            "route_table_id": "rtb-064624873663c8b82",
            "subnet_id": "subnet-08b9add29c7dee497"
          },
          "sensitive_attributes": [],
          "private": "bnVsbA==",
          "dependencies": [
            "module.vpc.aws_route_table.private",
            "module.vpc.aws_subnet.private",
            "module.vpc.aws_vpc.this",
            "module.vpc.aws_vpc_ipv4_cidr_block_association.this"
          ]
        },
        {
          "index_key": 1,
          "schema_version": 0,
          "attributes": {
            "gateway_id": "",
            "id": "rtbassoc-00caef9fe4a7868ae",
            "route_table_id": "rtb-064624873663c8b82",
            "subnet_id": "subnet-03a1483dcf4e63a1e"
          },
          "sensitive_attributes": [],
          "private": "bnVsbA==",
          "dependencies": [
            "module.vpc.aws_route_table.private",
            "module.vpc.aws_subnet.private",
            "module.vpc.aws_vpc.this",
            "module.vpc.aws_vpc_ipv4_cidr_block_association.this"
          ]
        },
        {
          "index_key": 2,
          "schema_version": 0,
          "attributes": {
            "gateway_id": "",
            "id": "rtbassoc-0d8365647b1482a63",
            "route_table_id": "rtb-064624873663c8b82",
            "subnet_id": "subnet-06cbbe31e370f8cef"
          },
          "sensitive_attributes": [],
          "private": "bnVsbA==",
          "dependencies": [
            "module.vpc.aws_route_table.private",
            "module.vpc.aws_subnet.private",
            "module.vpc.aws_vpc.this",
            "module.vpc.aws_vpc_ipv4_cidr_block_association.this"
          ]
        }
      ]
    },
    {
      "module": "module.vpc[0]",
      "mode": "managed",
      "type": "aws_route_table_association",
      "name": "public",
      "provider": "provider[\"registry.terraform.io/hashicorp/aws\"]",
      "instances": [
        {
          "index_key": 0,
          "schema_version": 0,
          "attributes": {
            "gateway_id": "",
            "id": "rtbassoc-0355f3381a3af9db4",
            "route_table_id": "rtb-035a63d03d0a3b516",
            "subnet_id": "subnet-07580979f9f127eb0"
          },
          "sensitive_attributes": [],
          "private": "bnVsbA==",
          "dependencies": [
            "module.vpc.aws_route_table.public",
            "module.vpc.aws_subnet.public",
            "module.vpc.aws_vpc.this",
            "module.vpc.aws_vpc_ipv4_cidr_block_association.this"
          ]
        },
        {
          "index_key": 1,
          "schema_version": 0,
          "attributes": {
            "gateway_id": "",
            "id": "rtbassoc-02cd49234a9233131",
            "route_table_id": "rtb-035a63d03d0a3b516",
            "subnet_id": "subnet-0576cd6ec02a81a29"
          },
          "sensitive_attributes": [],
          "private": "bnVsbA==",
          "dependencies": [
            "module.vpc.aws_route_table.public",
            "module.vpc.aws_subnet.public",
            "module.vpc.aws_vpc.this",
            "module.vpc.aws_vpc_ipv4_cidr_block_association.this"
          ]
        },
        {
          "index_key": 2,
          "schema_version": 0,
          "attributes": {
            "gateway_id": "",
            "id": "rtbassoc-01bff17c1bef60257",
            "route_table_id": "rtb-035a63d03d0a3b516",
            "subnet_id": "subnet-035fcf15e2c6f352c"
          },
          "sensitive_attributes": [],
          "private": "bnVsbA==",
          "dependencies": [
            "module.vpc.aws_route_table.public",
            "module.vpc.aws_subnet.public",
            "module.vpc.aws_vpc.this",
            "module.vpc.aws_vpc_ipv4_cidr_block_association.this"
          ]
        }
      ]
    },
    {
      "module": "module.vpc[0]",
      "mode": "managed",
      "type": "aws_subnet",
      "name": "private",
      "provider": "provider[\"registry.terraform.io/hashicorp/aws\"]",
      "instances": [
        {
          "index_key": 0,
          "schema_version": 1,
          "attributes": {
            "arn": "arn:aws:ec2:eu-west-1:715803424590:subnet/subnet-08b9add29c7dee497",
            "assign_ipv6_address_on_creation": false,
            "availability_zone": "eu-west-1a",
            "availability_zone_id": "euw1-az2",
            "cidr_block": "10.10.8.0/21",
            "customer_owned_ipv4_pool": "",
            "enable_dns64": false,
            "enable_resource_name_dns_a_record_on_launch": false,
            "enable_resource_name_dns_aaaa_record_on_launch": false,
            "id": "subnet-08b9add29c7dee497",
            "ipv6_cidr_block": "",
            "ipv6_cidr_block_association_id": "",
            "ipv6_native": false,
            "map_customer_owned_ip_on_launch": false,
            "map_public_ip_on_launch": false,
            "outpost_arn": "",
            "owner_id": "715803424590",
            "private_dns_hostname_type_on_launch": "ip-name",
            "tags": {
              "Name": "hihi-vpc-private-eu-west-1a"
            },
            "tags_all": {
              "Name": "hihi-vpc-private-eu-west-1a"
            },
            "timeouts": null,
            "vpc_id": "vpc-0b534e2888fc314ad"
          },
          "sensitive_attributes": [],
          "private": "eyJlMmJmYjczMC1lY2FhLTExZTYtOGY4OC0zNDM2M2JjN2M0YzAiOnsiY3JlYXRlIjo2MDAwMDAwMDAwMDAsImRlbGV0ZSI6MTIwMDAwMDAwMDAwMH0sInNjaGVtYV92ZXJzaW9uIjoiMSJ9",
          "dependencies": [
            "module.vpc.aws_vpc.this",
            "module.vpc.aws_vpc_ipv4_cidr_block_association.this"
          ]
        },
        {
          "index_key": 1,
          "schema_version": 1,
          "attributes": {
            "arn": "arn:aws:ec2:eu-west-1:715803424590:subnet/subnet-03a1483dcf4e63a1e",
            "assign_ipv6_address_on_creation": false,
            "availability_zone": "eu-west-1b",
            "availability_zone_id": "euw1-az3",
            "cidr_block": "10.10.16.0/21",
            "customer_owned_ipv4_pool": "",
            "enable_dns64": false,
            "enable_resource_name_dns_a_record_on_launch": false,
            "enable_resource_name_dns_aaaa_record_on_launch": false,
            "id": "subnet-03a1483dcf4e63a1e",
            "ipv6_cidr_block": "",
            "ipv6_cidr_block_association_id": "",
            "ipv6_native": false,
            "map_customer_owned_ip_on_launch": false,
            "map_public_ip_on_launch": false,
            "outpost_arn": "",
            "owner_id": "715803424590",
            "private_dns_hostname_type_on_launch": "ip-name",
            "tags": {
              "Name": "hihi-vpc-private-eu-west-1b"
            },
            "tags_all": {
              "Name": "hihi-vpc-private-eu-west-1b"
            },
            "timeouts": null,
            "vpc_id": "vpc-0b534e2888fc314ad"
          },
          "sensitive_attributes": [],
          "private": "eyJlMmJmYjczMC1lY2FhLTExZTYtOGY4OC0zNDM2M2JjN2M0YzAiOnsiY3JlYXRlIjo2MDAwMDAwMDAwMDAsImRlbGV0ZSI6MTIwMDAwMDAwMDAwMH0sInNjaGVtYV92ZXJzaW9uIjoiMSJ9",
          "dependencies": [
            "module.vpc.aws_vpc.this",
            "module.vpc.aws_vpc_ipv4_cidr_block_association.this"
          ]
        },
        {
          "index_key": 2,
          "schema_version": 1,
          "attributes": {
            "arn": "arn:aws:ec2:eu-west-1:715803424590:subnet/subnet-06cbbe31e370f8cef",
            "assign_ipv6_address_on_creation": false,
            "availability_zone": "eu-west-1c",
            "availability_zone_id": "euw1-az1",
            "cidr_block": "10.10.24.0/21",
            "customer_owned_ipv4_pool": "",
            "enable_dns64": false,
            "enable_resource_name_dns_a_record_on_launch": false,
            "enable_resource_name_dns_aaaa_record_on_launch": false,
            "id": "subnet-06cbbe31e370f8cef",
            "ipv6_cidr_block": "",
            "ipv6_cidr_block_association_id": "",
            "ipv6_native": false,
            "map_customer_owned_ip_on_launch": false,
            "map_public_ip_on_launch": false,
            "outpost_arn": "",
            "owner_id": "715803424590",
            "private_dns_hostname_type_on_launch": "ip-name",
            "tags": {
              "Name": "hihi-vpc-private-eu-west-1c"
            },
            "tags_all": {
              "Name": "hihi-vpc-private-eu-west-1c"
            },
            "timeouts": null,
            "vpc_id": "vpc-0b534e2888fc314ad"
          },
          "sensitive_attributes": [],
          "private": "eyJlMmJmYjczMC1lY2FhLTExZTYtOGY4OC0zNDM2M2JjN2M0YzAiOnsiY3JlYXRlIjo2MDAwMDAwMDAwMDAsImRlbGV0ZSI6MTIwMDAwMDAwMDAwMH0sInNjaGVtYV92ZXJzaW9uIjoiMSJ9",
          "dependencies": [
            "module.vpc.aws_vpc.this",
            "module.vpc.aws_vpc_ipv4_cidr_block_association.this"
          ]
        }
      ]
    },
    {
      "module": "module.vpc[0]",
      "mode": "managed",
      "type": "aws_subnet",
      "name": "public",
      "provider": "provider[\"registry.terraform.io/hashicorp/aws\"]",
      "instances": [
        {
          "index_key": 0,
          "schema_version": 1,
          "attributes": {
            "arn": "arn:aws:ec2:eu-west-1:715803424590:subnet/subnet-07580979f9f127eb0",
            "assign_ipv6_address_on_creation": false,
            "availability_zone": "eu-west-1a",
            "availability_zone_id": "euw1-az2",
            "cidr_block": "10.10.128.0/21",
            "customer_owned_ipv4_pool": "",
            "enable_dns64": false,
            "enable_resource_name_dns_a_record_on_launch": false,
            "enable_resource_name_dns_aaaa_record_on_launch": false,
            "id": "subnet-07580979f9f127eb0",
            "ipv6_cidr_block": "",
            "ipv6_cidr_block_association_id": "",
            "ipv6_native": false,
            "map_customer_owned_ip_on_launch": false,
            "map_public_ip_on_launch": true,
            "outpost_arn": "",
            "owner_id": "715803424590",
            "private_dns_hostname_type_on_launch": "ip-name",
            "tags": {
              "Name": "hihi-vpc-public-eu-west-1a"
            },
            "tags_all": {
              "Name": "hihi-vpc-public-eu-west-1a"
            },
            "timeouts": null,
            "vpc_id": "vpc-0b534e2888fc314ad"
          },
          "sensitive_attributes": [],
          "private": "eyJlMmJmYjczMC1lY2FhLTExZTYtOGY4OC0zNDM2M2JjN2M0YzAiOnsiY3JlYXRlIjo2MDAwMDAwMDAwMDAsImRlbGV0ZSI6MTIwMDAwMDAwMDAwMH0sInNjaGVtYV92ZXJzaW9uIjoiMSJ9",
          "dependencies": [
            "module.vpc.aws_vpc.this",
            "module.vpc.aws_vpc_ipv4_cidr_block_association.this"
          ]
        },
        {
          "index_key": 1,
          "schema_version": 1,
          "attributes": {
            "arn": "arn:aws:ec2:eu-west-1:715803424590:subnet/subnet-0576cd6ec02a81a29",
            "assign_ipv6_address_on_creation": false,
            "availability_zone": "eu-west-1b",
            "availability_zone_id": "euw1-az3",
            "cidr_block": "10.10.136.0/21",
            "customer_owned_ipv4_pool": "",
            "enable_dns64": false,
            "enable_resource_name_dns_a_record_on_launch": false,
            "enable_resource_name_dns_aaaa_record_on_launch": false,
            "id": "subnet-0576cd6ec02a81a29",
            "ipv6_cidr_block": "",
            "ipv6_cidr_block_association_id": "",
            "ipv6_native": false,
            "map_customer_owned_ip_on_launch": false,
            "map_public_ip_on_launch": true,
            "outpost_arn": "",
            "owner_id": "715803424590",
            "private_dns_hostname_type_on_launch": "ip-name",
            "tags": {
              "Name": "hihi-vpc-public-eu-west-1b"
            },
            "tags_all": {
              "Name": "hihi-vpc-public-eu-west-1b"
            },
            "timeouts": null,
            "vpc_id": "vpc-0b534e2888fc314ad"
          },
          "sensitive_attributes": [],
          "private": "eyJlMmJmYjczMC1lY2FhLTExZTYtOGY4OC0zNDM2M2JjN2M0YzAiOnsiY3JlYXRlIjo2MDAwMDAwMDAwMDAsImRlbGV0ZSI6MTIwMDAwMDAwMDAwMH0sInNjaGVtYV92ZXJzaW9uIjoiMSJ9",
          "dependencies": [
            "module.vpc.aws_vpc.this",
            "module.vpc.aws_vpc_ipv4_cidr_block_association.this"
          ]
        },
        {
          "index_key": 2,
          "schema_version": 1,
          "attributes": {
            "arn": "arn:aws:ec2:eu-west-1:715803424590:subnet/subnet-035fcf15e2c6f352c",
            "assign_ipv6_address_on_creation": false,
            "availability_zone": "eu-west-1c",
            "availability_zone_id": "euw1-az1",
            "cidr_block": "10.10.144.0/21",
            "customer_owned_ipv4_pool": "",
            "enable_dns64": false,
            "enable_resource_name_dns_a_record_on_launch": false,
            "enable_resource_name_dns_aaaa_record_on_launch": false,
            "id": "subnet-035fcf15e2c6f352c",
            "ipv6_cidr_block": "",
            "ipv6_cidr_block_association_id": "",
            "ipv6_native": false,
            "map_customer_owned_ip_on_launch": false,
            "map_public_ip_on_launch": true,
            "outpost_arn": "",
            "owner_id": "715803424590",
            "private_dns_hostname_type_on_launch": "ip-name",
            "tags": {
              "Name": "hihi-vpc-public-eu-west-1c"
            },
            "tags_all": {
              "Name": "hihi-vpc-public-eu-west-1c"
            },
            "timeouts": null,
            "vpc_id": "vpc-0b534e2888fc314ad"
          },
          "sensitive_attributes": [],
          "private": "eyJlMmJmYjczMC1lY2FhLTExZTYtOGY4OC0zNDM2M2JjN2M0YzAiOnsiY3JlYXRlIjo2MDAwMDAwMDAwMDAsImRlbGV0ZSI6MTIwMDAwMDAwMDAwMH0sInNjaGVtYV92ZXJzaW9uIjoiMSJ9",
          "dependencies": [
            "module.vpc.aws_vpc.this",
            "module.vpc.aws_vpc_ipv4_cidr_block_association.this"
          ]
        }
      ]
    },
    {
      "module": "module.vpc[0]",
      "mode": "managed",
      "type": "aws_vpc",
      "name": "this",
      "provider": "provider[\"registry.terraform.io/hashicorp/aws\"]",
      "instances": [
        {
          "index_key": 0,
          "schema_version": 1,
          "attributes": {
            "arn": "arn:aws:ec2:eu-west-1:715803424590:vpc/vpc-0b534e2888fc314ad",
            "assign_generated_ipv6_cidr_block": false,
            "cidr_block": "10.10.0.0/16",
            "default_network_acl_id": "acl-0cf6e4fb7da0d32bc",
            "default_route_table_id": "rtb-031b1e0aa1727c706",
            "default_security_group_id": "sg-051521761e05b7490",
            "dhcp_options_id": "dopt-0bc6c9abec2dc7e87",
            "enable_classiclink": false,
            "enable_classiclink_dns_support": false,
            "enable_dns_hostnames": true,
            "enable_dns_support": true,
            "id": "vpc-0b534e2888fc314ad",
            "instance_tenancy": "default",
            "ipv4_ipam_pool_id": null,
            "ipv4_netmask_length": null,
            "ipv6_association_id": "",
            "ipv6_cidr_block": "",
            "ipv6_cidr_block_network_border_group": "",
            "ipv6_ipam_pool_id": "",
            "ipv6_netmask_length": 0,
            "main_route_table_id": "rtb-031b1e0aa1727c706",
            "owner_id": "715803424590",
            "tags": {
              "Name": "hihi-vpc"
            },
            "tags_all": {
              "Name": "hihi-vpc"
            }
          },
          "sensitive_attributes": [],
          "private": "eyJzY2hlbWFfdmVyc2lvbiI6IjEifQ=="
        }
      ]
    }
  ]
}
